{
  "version": "3",
  "packages": {
    "specifiers": {
      "jsr:@b-fuze/deno-dom@0.1.47": "jsr:@b-fuze/deno-dom@0.1.47"
    },
    "jsr": {
      "@b-fuze/deno-dom@0.1.47": {
        "integrity": "270a888de91329f8ce3849211ece0ad97ce1e8b9a8a774f2bed2f43c8b0ffe8e"
      }
    }
  },
  "redirects": {
    "https://github.com/FabricMC/fabricmc.net/raw/refs/heads/main/scripts/src/lib/Api.ts": "https://raw.githubusercontent.com/FabricMC/fabricmc.net/refs/heads/main/scripts/src/lib/Api.ts"
  },
  "remote": {
    "https://raw.githubusercontent.com/FabricMC/fabricmc.net/refs/heads/main/scripts/src/lib/Api.ts": "ca799a72f0598e2d1ce833344319ac1bc5bc092c56df1d0982f0c3a4fa91950b"
  }
}
